// !$*UTF8*$!
{
	archiveVersion = 1;
	classes = {};
	objectVersion = 60;
	objects = {
		0488D3F8919A2551AA522611 = { isa = XCLocalSwiftPackageReference; relativePath = Vendor/YouTubeKit; };
		0B5399530BB2B49585B0E017 = { isa = PBXBuildFile; fileRef = 500964E7C2807B219713E3E9; };
		0E109FC1B23AC2318A4FA626 = { isa = PBXFileReference; lastKnownFileType = sourcecode.swift; path = "Forma/AppModel.swift"; sourceTree = "<group>"; };
		1225F63D41EC12A306B1CCD0 = { isa = XCSwiftPackageProductDependency; package = 0488D3F8919A2551AA522611; productName = YouTubeKit; };
		171FE23C9CF153C33083694F = { isa = PBXSourcesBuildPhase; buildActionMask = 2147483647; files = (A814EC8889BAFD4FDA20D637, 658D31BBCBB6FB05CD48A839, D841662BF6A1265ADA2C3439, 0B5399530BB2B49585B0E017, D9D52941188D1E81FD5C1C99, 9F464E0E16AF1CA4FB570ADF, C1A49FC9B1A290633E6DF50F, 7E0744DF2E58302F58FC74B1, 2B67879C986464EB4EBCEA86, 4151BB272736385831CE72F3, 38D04DF8C88FDE181A6B9B64, 1C385FA40DF2E93D8610A4A4, 69BFBBDA5FA833988994340F, 490441121A7D1C0BC0FE303A,); runOnlyForDeploymentPostprocessing = 0; };
		1C385FA40DF2E93D8610A4A4 = { isa = PBXBuildFile; fileRef = 8A63B8CCB4374D354029BA24; };
		1F134989CAA2CCD01DB95DFD = { isa = XCBuildConfiguration; buildSettings = { ASSETCATALOG_COMPILER_APPICON_NAME = "AppIcon"; CLANG_ENABLE_MODULES = "YES"; CODE_SIGN_STYLE = "Automatic"; CURRENT_PROJECT_VERSION = "1"; DEBUG_INFORMATION_FORMAT = "dwarf-with-dsym"; GENERATE_INFOPLIST_FILE = "NO"; INFOPLIST_FILE = "Forma/Info.plist"; IPHONEOS_DEPLOYMENT_TARGET = "17.0"; LD_RUNPATH_SEARCH_PATHS = "$(inherited) @executable_path/Frameworks"; MARKETING_VERSION = "1.0.0"; PRODUCT_BUNDLE_IDENTIFIER = "music.forma.ios"; PRODUCT_NAME = "Forma"; SDKROOT = "iphoneos"; SUPPORTED_PLATFORMS = "iphoneos iphonesimulator"; SWIFT_OPTIMIZATION_LEVEL = "-O"; SWIFT_STRICT_CONCURRENCY = "targeted"; SWIFT_VERSION = "5.0"; TARGETED_DEVICE_FAMILY = "1,2"; }; name = Release; };
		299F36A3365AC265442F1250 = { isa = PBXBuildFile; fileRef = F71EE5A0DAC810053D53B949; };
		2B67879C986464EB4EBCEA86 = { isa = PBXBuildFile; fileRef = 6B7212556C5AC45E6B78EF4D; };
		382CB52BA25C714803B0F023 = { isa = XCSwiftPackageProductDependency; package = 658EF3EBBF88495BC2D6424D; productName = FormaCore; };
		38D04DF8C88FDE181A6B9B64 = { isa = PBXBuildFile; fileRef = 4639DD63B9CF151D4B4506A2; };
		3C270EB82D0BFCD156FC582D = { isa = XCBuildConfiguration; buildSettings = { CLANG_ENABLE_MODULES = "YES"; DEBUG_INFORMATION_FORMAT = "dwarf-with-dsym"; IPHONEOS_DEPLOYMENT_TARGET = "17.0"; SDKROOT = "iphoneos"; SWIFT_OPTIMIZATION_LEVEL = "-O"; SWIFT_VERSION = "5.0"; }; name = Release; };
		3CB379770ED3BA356E0881EC = { isa = XCBuildConfiguration; buildSettings = { CLANG_ENABLE_MODULES = "YES"; DEBUG_INFORMATION_FORMAT = "dwarf"; IPHONEOS_DEPLOYMENT_TARGET = "17.0"; SDKROOT = "iphoneos"; SWIFT_ACTIVE_COMPILATION_CONDITIONS = "DEBUG"; SWIFT_OPTIMIZATION_LEVEL = "-Onone"; SWIFT_VERSION = "5.0"; }; name = Debug; };
		3FF11EED2269F1BF32065456 = { isa = PBXFileReference; lastKnownFileType = sourcecode.swift; path = "Forma/PlaybackController.swift"; sourceTree = "<group>"; };
		4151BB272736385831CE72F3 = { isa = PBXBuildFile; fileRef = FE8C9760F5DFA2C6BEF738A7; };
		4639DD63B9CF151D4B4506A2 = { isa = PBXFileReference; lastKnownFileType = sourcecode.swift; path = "Forma/SyncClient.swift"; sourceTree = "<group>"; };
		490441121A7D1C0BC0FE303A = { isa = PBXBuildFile; fileRef = 675B7DDE4263527F0464EF7E; };
		500964E7C2807B219713E3E9 = { isa = PBXFileReference; lastKnownFileType = sourcecode.swift; path = "Forma/LibraryStorage.swift"; sourceTree = "<group>"; };
		658D31BBCBB6FB05CD48A839 = { isa = PBXBuildFile; fileRef = 9FE5239A875075D639B76640; };
		658EF3EBBF88495BC2D6424D = { isa = XCLocalSwiftPackageReference; relativePath = Packages/FormaCore; };
		675B7DDE4263527F0464EF7E = { isa = PBXFileReference; lastKnownFileType = sourcecode.swift; path = "Forma/YouTubeStreamResolver.swift"; sourceTree = "<group>"; };
		6883A25D20CB2A8EB4AA5867 = { isa = PBXGroup; children = (0E109FC1B23AC2318A4FA626, 9FE5239A875075D639B76640, A2B027FE3777FFFCAC06233D, 500964E7C2807B219713E3E9, 7BBA2342A944EBBB88B2E848, 718887E7A25FE540E4038C1F, 3FF11EED2269F1BF32065456, D7480E4857625CF258309635, 6B7212556C5AC45E6B78EF4D, FE8C9760F5DFA2C6BEF738A7, 4639DD63B9CF151D4B4506A2, 8A63B8CCB4374D354029BA24, C4A431E40055F259F30A590B, 675B7DDE4263527F0464EF7E, F7C84845AA8A44B0A1AC2E5D, F71EE5A0DAC810053D53B949, E11DC6EDAEBCAD90DDFB219E, F44A655F6D4737ECCE71D348,); sourceTree = "<group>"; };
		69BFBBDA5FA833988994340F = { isa = PBXBuildFile; fileRef = C4A431E40055F259F30A590B; };
		6B7212556C5AC45E6B78EF4D = { isa = PBXFileReference; lastKnownFileType = sourcecode.swift; path = "Forma/PulseSettingsView.swift"; sourceTree = "<group>"; };
		718887E7A25FE540E4038C1F = { isa = PBXFileReference; lastKnownFileType = sourcecode.swift; path = "Forma/NativeSmoke.swift"; sourceTree = "<group>"; };
		7BBA2342A944EBBB88B2E848 = { isa = PBXFileReference; lastKnownFileType = sourcecode.swift; path = "Forma/LibraryViews.swift"; sourceTree = "<group>"; };
		7E0744DF2E58302F58FC74B1 = { isa = PBXBuildFile; fileRef = D7480E4857625CF258309635; };
		7FEA2BAB29E5B7AACD509259 = { isa = XCBuildConfiguration; buildSettings = { ASSETCATALOG_COMPILER_APPICON_NAME = "AppIcon"; CLANG_ENABLE_MODULES = "YES"; CODE_SIGN_STYLE = "Automatic"; CURRENT_PROJECT_VERSION = "1"; DEBUG_INFORMATION_FORMAT = "dwarf"; GENERATE_INFOPLIST_FILE = "NO"; INFOPLIST_FILE = "Forma/Info.plist"; IPHONEOS_DEPLOYMENT_TARGET = "17.0"; LD_RUNPATH_SEARCH_PATHS = "$(inherited) @executable_path/Frameworks"; MARKETING_VERSION = "1.0.0"; PRODUCT_BUNDLE_IDENTIFIER = "music.forma.ios"; PRODUCT_NAME = "Forma"; SDKROOT = "iphoneos"; SUPPORTED_PLATFORMS = "iphoneos iphonesimulator"; SWIFT_ACTIVE_COMPILATION_CONDITIONS = "DEBUG"; SWIFT_OPTIMIZATION_LEVEL = "-Onone"; SWIFT_STRICT_CONCURRENCY = "targeted"; SWIFT_VERSION = "5.0"; TARGETED_DEVICE_FAMILY = "1,2"; }; name = Debug; };
		8905A7B057570B5443DBDD06 = { isa = PBXBuildFile; productRef = 1225F63D41EC12A306B1CCD0; };
		8A63B8CCB4374D354029BA24 = { isa = PBXFileReference; lastKnownFileType = sourcecode.swift; path = "Forma/Theme.swift"; sourceTree = "<group>"; };
		9EB401352C2A3FA752CEAD1A = { isa = PBXFileReference; explicitFileType = wrapper.application; includeInIndex = 0; path = Forma.app; sourceTree = BUILT_PRODUCTS_DIR; };
		9F464E0E16AF1CA4FB570ADF = { isa = PBXBuildFile; fileRef = 718887E7A25FE540E4038C1F; };
		9FE5239A875075D639B76640 = { isa = PBXFileReference; lastKnownFileType = sourcecode.swift; path = "Forma/ContentView.swift"; sourceTree = "<group>"; };
		A2B027FE3777FFFCAC06233D = { isa = PBXFileReference; lastKnownFileType = sourcecode.swift; path = "Forma/FormaApp.swift"; sourceTree = "<group>"; };
		A5F46A3C12DA0789BF06B50F = { isa = PBXNativeTarget; buildConfigurationList = CF6D1D9F11F4541E8D4673B1; buildPhases = (171FE23C9CF153C33083694F, BFBB38FDF5C4CC63595CA693, E7C5BA91311C761D65546AC6,); buildRules = (); dependencies = (); name = Forma; packageProductDependencies = (382CB52BA25C714803B0F023, 1225F63D41EC12A306B1CCD0,); productName = Forma; productReference = 9EB401352C2A3FA752CEAD1A; productType = "com.apple.product-type.application"; };
		A814EC8889BAFD4FDA20D637 = { isa = PBXBuildFile; fileRef = 0E109FC1B23AC2318A4FA626; };
		BFBB38FDF5C4CC63595CA693 = { isa = PBXFrameworksBuildPhase; buildActionMask = 2147483647; files = (FF9D50EF2FEE22D8116B9652, 8905A7B057570B5443DBDD06,); runOnlyForDeploymentPostprocessing = 0; };
		BFF1E8F9C9C72937518066FC = { isa = PBXBuildFile; fileRef = F7C84845AA8A44B0A1AC2E5D; };
		C042D65BC448C298FF5F07CC = { isa = PBXProject; attributes = { LastUpgradeCheck = 1600; TargetAttributes = { A5F46A3C12DA0789BF06B50F = { CreatedOnToolsVersion = 16.0; ProvisioningStyle = Automatic; }; }; }; buildConfigurationList = C9AE043693315E44188960CE; compatibilityVersion = "Xcode 14.0"; developmentRegion = ru; hasScannedForEncodings = 0; knownRegions = (ru, en, Base,); mainGroup = 6883A25D20CB2A8EB4AA5867; packageReferences = (658EF3EBBF88495BC2D6424D, 0488D3F8919A2551AA522611,); productRefGroup = F44A655F6D4737ECCE71D348; projectDirPath = ""; projectRoot = ""; targets = (A5F46A3C12DA0789BF06B50F,); };
		C1A49FC9B1A290633E6DF50F = { isa = PBXBuildFile; fileRef = 3FF11EED2269F1BF32065456; };
		C4A431E40055F259F30A590B = { isa = PBXFileReference; lastKnownFileType = sourcecode.swift; path = "Forma/YouTubeCatalog.swift"; sourceTree = "<group>"; };
		C9AE043693315E44188960CE = { isa = XCConfigurationList; buildConfigurations = (3CB379770ED3BA356E0881EC, 3C270EB82D0BFCD156FC582D,); defaultConfigurationIsVisible = 0; defaultConfigurationName = Release; };
		CF6D1D9F11F4541E8D4673B1 = { isa = XCConfigurationList; buildConfigurations = (7FEA2BAB29E5B7AACD509259, 1F134989CAA2CCD01DB95DFD,); defaultConfigurationIsVisible = 0; defaultConfigurationName = Release; };
		D7480E4857625CF258309635 = { isa = PBXFileReference; lastKnownFileType = sourcecode.swift; path = "Forma/PlayerViews.swift"; sourceTree = "<group>"; };
		D841662BF6A1265ADA2C3439 = { isa = PBXBuildFile; fileRef = A2B027FE3777FFFCAC06233D; };
		D9D52941188D1E81FD5C1C99 = { isa = PBXBuildFile; fileRef = 7BBA2342A944EBBB88B2E848; };
		E11DC6EDAEBCAD90DDFB219E = { isa = PBXFileReference; lastKnownFileType = text.plist.xml; path = Forma/Info.plist; sourceTree = "<group>"; };
		E7C5BA91311C761D65546AC6 = { isa = PBXResourcesBuildPhase; buildActionMask = 2147483647; files = (BFF1E8F9C9C72937518066FC, 299F36A3365AC265442F1250,); runOnlyForDeploymentPostprocessing = 0; };
		F44A655F6D4737ECCE71D348 = { isa = PBXGroup; children = (9EB401352C2A3FA752CEAD1A,); name = Products; sourceTree = "<group>"; };
		F71EE5A0DAC810053D53B949 = { isa = PBXFileReference; lastKnownFileType = text; path = "Forma/Resources/ThirdPartyNotices.txt"; sourceTree = "<group>"; };
		F7C84845AA8A44B0A1AC2E5D = { isa = PBXFileReference; lastKnownFileType = folder.assetcatalog; path = "Forma/Resources/Assets.xcassets"; sourceTree = "<group>"; };
		FE8C9760F5DFA2C6BEF738A7 = { isa = PBXFileReference; lastKnownFileType = sourcecode.swift; path = "Forma/SettingsView.swift"; sourceTree = "<group>"; };
		FF9D50EF2FEE22D8116B9652 = { isa = PBXBuildFile; productRef = 382CB52BA25C714803B0F023; };
	};
	rootObject = C042D65BC448C298FF5F07CC;
}
